// !$*UTF8*$!
{
	archiveVersion = 1;
	classes = {
	};
	objectVersion = 46;
	objects = {

/* Begin PBXBuildFile section */
		B26C45731A89F172009DC495 /* AppDelegate.swift in Sources */ = {isa = PBXBuildFile; fileRef = B26C45721A89F172009DC495 /* AppDelegate.swift */; };
		B26C45751A89F172009DC495 /* ViewController.swift in Sources */ = {isa = PBXBuildFile; fileRef = B26C45741A89F172009DC495 /* ViewController.swift */; };
		B26C45781A89F172009DC495 /* Main.storyboard in Resources */ = {isa = PBXBuildFile; fileRef = B26C45761A89F172009DC495 /* Main.storyboard */; };
		B26C457A1A89F172009DC495 /* Images.xcassets in Resources */ = {isa = PBXBuildFile; fileRef = B26C45791A89F172009DC495 /* Images.xcassets */; };
		B26C457D1A89F172009DC495 /* LaunchScreen.xib in Resources */ = {isa = PBXBuildFile; fileRef = B26C457B1A89F172009DC495 /* LaunchScreen.xib */; };
		B26C45891A89F172009DC495 /* AgeOfLaikaTests.swift in Sources */ = {isa = PBXBuildFile; fileRef = B26C45881A89F172009DC495 /* AgeOfLaikaTests.swift */; };
		B26C45931A89F21F009DC495 /* AgeOfLaika.jpg in Resources */ = {isa = PBXBuildFile; fileRef = B26C45921A89F21F009DC495 /* AgeOfLaika.jpg */; };
/* End PBXBuildFile section */

/* Begin PBXContainerItemProxy section */
		B26C45831A89F172009DC495 /* PBXContainerItemProxy */ = {
			isa = PBXContainerItemProxy;
			containerPortal = B26C45651A89F172009DC495 /* Project object */;
			proxyType = 1;
			remoteGlobalIDString = B26C456C1A89F172009DC495;
			remoteInfo = AgeOfLaika;
		};
/* End PBXContainerItemProxy section */

/* Begin PBXFileReference section */
		B26C456D1A89F172009DC495 /* AgeOfLaika.app */ = {isa = PBXFileReference; explicitFileType = wrapper.application; includeInIndex = 0; path = AgeOfLaika.app; sourceTree = BUILT_PRODUCTS_DIR; };
		B26C45711A89F172009DC495 /* Info.plist */ = {isa = PBXFileReference; lastKnownFileType = text.plist.xml; path = Info.plist; sourceTree = "<group>"; };
		B26C45721A89F172009DC495 /* AppDelegate.swift */ = {isa = PBXFileReference; lastKnownFileType = sourcecode.swift; path = AppDelegate.swift; sourceTree = "<group>"; };
		B26C45741A89F172009DC495 /* ViewController.swift */ = {isa = PBXFileReference; lastKnownFileType = sourcecode.swift; path = ViewController.swift; sourceTree = "<group>"; };
		B26C45771A89F172009DC495 /* Base */ = {isa = PBXFileReference; lastKnownFileType = file.storyboard; name = Base; path = Base.lproj/Main.storyboard; sourceTree = "<group>"; };
		B26C45791A89F172009DC495 /* Images.xcassets */ = {isa = PBXFileReference; lastKnownFileType = folder.assetcatalog; path = Images.xcassets; sourceTree = "<group>"; };
		B26C457C1A89F172009DC495 /* Base */ = {isa = PBXFileReference; lastKnownFileType = file.xib; name = Base; path = Base.lproj/LaunchScreen.xib; sourceTree = "<group>"; };
		B26C45821A89F172009DC495 /* AgeOfLaikaTests.xctest */ = {isa = PBXFileReference; explicitFileType = wrapper.cfbundle; includeInIndex = 0; path = AgeOfLaikaTests.xctest; sourceTree = BUILT_PRODUCTS_DIR; };
		B26C45871A89F172009DC495 /* Info.plist */ = {isa = PBXFileReference; lastKnownFileType = text.plist.xml; path = Info.plist; sourceTree = "<group>"; };
		B26C45881A89F172009DC495 /* AgeOfLaikaTests.swift */ = {isa = PBXFileReference; lastKnownFileType = sourcecode.swift; path = AgeOfLaikaTests.swift; sourceTree = "<group>"; };
		B26C45921A89F21F009DC495 /* AgeOfLaika.jpg */ = {isa = PBXFileReference; lastKnownFileType = image.jpeg; path = AgeOfLaika.jpg; sourceTree = "<group>"; };
/* End PBXFileReference section */

/* Begin PBXFrameworksBuildPhase section */
		B26C456A1A89F172009DC495 /* Frameworks */ = {
			isa = PBXFrameworksBuildPhase;
			buildActionMask = 2147483647;
			files = (
			);
			runOnlyForDeploymentPostprocessing = 0;
		};
		B26C457F1A89F172009DC495 /* Frameworks */ = {
			isa = PBXFrameworksBuildPhase;
			buildActionMask = 2147483647;
			files = (
			);
			runOnlyForDeploymentPostprocessing = 0;
		};
/* End PBXFrameworksBuildPhase section */

/* Begin PBXGroup section */
		B26C45641A89F172009DC495 = {
			isa = PBXGroup;
			children = (
				B26C456F1A89F172009DC495 /* AgeOfLaika */,
				B26C45851A89F172009DC495 /* AgeOfLaikaTests */,
				B26C456E1A89F172009DC495 /* Products */,
			);
			sourceTree = "<group>";
		};
		B26C456E1A89F172009DC495 /* Products */ = {
			isa = PBXGroup;
			children = (
				B26C456D1A89F172009DC495 /* AgeOfLaika.app */,
				B26C45821A89F172009DC495 /* AgeOfLaikaTests.xctest */,
			);
			name = Products;
			sourceTree = "<group>";
		};
		B26C456F1A89F172009DC495 /* AgeOfLaika */ = {
			isa = PBXGroup;
			children = (
				B26C45721A89F172009DC495 /* AppDelegate.swift */,
				B26C45741A89F172009DC495 /* ViewController.swift */,
				B26C45761A89F172009DC495 /* Main.storyboard */,
				B26C45791A89F172009DC495 /* Images.xcassets */,
				B26C457B1A89F172009DC495 /* LaunchScreen.xib */,
				B26C45701A89F172009DC495 /* Supporting Files */,
			);
			path = AgeOfLaika;
			sourceTree = "<group>";
		};
		B26C45701A89F172009DC495 /* Supporting Files */ = {
			isa = PBXGroup;
			children = (
				B26C45921A89F21F009DC495 /* AgeOfLaika.jpg */,
				B26C45711A89F172009DC495 /* Info.plist */,
			);
			name = "Supporting Files";
			sourceTree = "<group>";
		};
		B26C45851A89F172009DC495 /* AgeOfLaikaTests */ = {
			isa = PBXGroup;
			children = (
				B26C45881A89F172009DC495 /* AgeOfLaikaTests.swift */,
				B26C45861A89F172009DC495 /* Supporting Files */,
			);
			path = AgeOfLaikaTests;
			sourceTree = "<group>";
		};
		B26C45861A89F172009DC495 /* Supporting Files */ = {
			isa = PBXGroup;
			children = (
				B26C45871A89F172009DC495 /* Info.plist */,
			);
			name = "Supporting Files";
			sourceTree = "<group>";
		};
/* End PBXGroup section */

/* Begin PBXNativeTarget section */
		B26C456C1A89F172009DC495 /* AgeOfLaika */ = {
			isa = PBXNativeTarget;
			buildConfigurationList = B26C458C1A89F172009DC495 /* Build configuration list for PBXNativeTarget "AgeOfLaika" */;
			buildPhases = (
				B26C45691A89F172009DC495 /* Sources */,
				B26C456A1A89F172009DC495 /* Frameworks */,
				B26C456B1A89F172009DC495 /* Resources */,
			);
			buildRules = (
			);
			dependencies = (
			);
			name = AgeOfLaika;
			productName = AgeOfLaika;
			productReference = B26C456D1A89F172009DC495 /* AgeOfLaika.app */;
			productType = "com.apple.product-type.application";
		};
		B26C45811A89F172009DC495 /* AgeOfLaikaTests */ = {
			isa = PBXNativeTarget;
			buildConfigurationList = B26C458F1A89F172009DC495 /* Build configuration list for PBXNativeTarget "AgeOfLaikaTests" */;
			buildPhases = (
				B26C457E1A89F172009DC495 /* Sources */,
				B26C457F1A89F172009DC495 /* Frameworks */,
				B26C45801A89F172009DC495 /* Resources */,
			);
			buildRules = (
			);
			dependencies = (
				B26C45841A89F172009DC495 /* PBXTargetDependency */,
			);
			name = AgeOfLaikaTests;
			productName = AgeOfLaikaTests;
			productReference = B26C45821A89F172009DC495 /* AgeOfLaikaTests.xctest */;
			productType = "com.apple.product-type.bundle.unit-test";
		};
/* End PBXNativeTarget section */

/* Begin PBXProject section */
		B26C45651A89F172009DC495 /* Project object */ = {
			isa = PBXProject;
			attributes = {
				LastUpgradeCheck = 0610;
				ORGANIZATIONNAME = "Julio Gonzales";
				TargetAttributes = {
					B26C456C1A89F172009DC495 = {
						CreatedOnToolsVersion = 6.1.1;
					};
					B26C45811A89F172009DC495 = {
						CreatedOnToolsVersion = 6.1.1;
						TestTargetID = B26C456C1A89F172009DC495;
					};
				};
			};
			buildConfigurationList = B26C45681A89F172009DC495 /* Build configuration list for PBXProject "AgeOfLaika" */;
			compatibilityVersion = "Xcode 3.2";
			developmentRegion = English;
			hasScannedForEncodings = 0;
			knownRegions = (
				en,
				Base,
			);
			mainGroup = B26C45641A89F172009DC495;
			productRefGroup = B26C456E1A89F172009DC495 /* Products */;
			projectDirPath = "";
			projectRoot = "";
			targets = (
				B26C456C1A89F172009DC495 /* AgeOfLaika */,
				B26C45811A89F172009DC495 /* AgeOfLaikaTests */,
			);
		};
/* End PBXProject section */

/* Begin PBXResourcesBuildPhase section */
		B26C456B1A89F172009DC495 /* Resources */ = {
			isa = PBXResourcesBuildPhase;
			buildActionMask = 2147483647;
			files = (
				B26C45781A89F172009DC495 /* Main.storyboard in Resources */,
				B26C45931A89F21F009DC495 /* AgeOfLaika.jpg in Resources */,
				B26C457D1A89F172009DC495 /* LaunchScreen.xib in Resources */,
				B26C457A1A89F172009DC495 /* Images.xcassets in Resources */,
			);
			runOnlyForDeploymentPostprocessing = 0;
		};
		B26C45801A89F172009DC495 /* Resources */ = {
			isa = PBXResourcesBuildPhase;
			buildActionMask = 2147483647;
			files = (
			);
			runOnlyForDeploymentPostprocessing = 0;
		};
/* End PBXResourcesBuildPhase section */

/* Begin PBXSourcesBuildPhase section */
		B26C45691A89F172009DC495 /* Sources */ = {
			isa = PBXSourcesBuildPhase;
			buildActionMask = 2147483647;
			files = (
				B26C45751A89F172009DC495 /* ViewController.swift in Sources */,
				B26C45731A89F172009DC495 /* AppDelegate.swift in Sources */,
			);
			runOnlyForDeploymentPostprocessing = 0;
		};
		B26C457E1A89F172009DC495 /* Sources */ = {
			isa = PBXSourcesBuildPhase;
			buildActionMask = 2147483647;
			files = (
				B26C45891A89F172009DC495 /* AgeOfLaikaTests.swift in Sources */,
			);
			runOnlyForDeploymentPostprocessing = 0;
		};
/* End PBXSourcesBuildPhase section */

/* Begin PBXTargetDependency section */
		B26C45841A89F172009DC495 /* PBXTargetDependency */ = {
			isa = PBXTargetDependency;
			target = B26C456C1A89F172009DC495 /* AgeOfLaika */;
			targetProxy = B26C45831A89F172009DC495 /* PBXContainerItemProxy */;
		};
/* End PBXTargetDependency section */

/* Begin PBXVariantGroup section */
		B26C45761A89F172009DC495 /* Main.storyboard */ = {
			isa = PBXVariantGroup;
			children = (
				B26C45771A89F172009DC495 /* Base */,
			);
			name = Main.storyboard;
			sourceTree = "<group>";
		};
		B26C457B1A89F172009DC495 /* LaunchScreen.xib */ = {
			isa = PBXVariantGroup;
			children = (
				B26C457C1A89F172009DC495 /* Base */,
			);
			name = LaunchScreen.xib;
			sourceTree = "<group>";
		};
/* End PBXVariantGroup section */

/* Begin XCBuildConfiguration section */
		B26C458A1A89F172009DC495 /* Debug */ = {
			isa = XCBuildConfiguration;
			buildSettings = {
				ALWAYS_SEARCH_USER_PATHS = NO;
				CLANG_CXX_LANGUAGE_STANDARD = "gnu++0x";
				CLANG_CXX_LIBRARY = "libc++";
				CLANG_ENABLE_MODULES = YES;
				CLANG_ENABLE_OBJC_ARC = YES;
				CLANG_WARN_BOOL_CONVERSION = YES;
				CLANG_WARN_CONSTANT_CONVERSION = YES;
				CLANG_WARN_DIRECT_OBJC_ISA_USAGE = YES_ERROR;
				CLANG_WARN_EMPTY_BODY = YES;
				CLANG_WARN_ENUM_CONVERSION = YES;
				CLANG_WARN_INT_CONVERSION = YES;
				CLANG_WARN_OBJC_ROOT_CLASS = YES_ERROR;
				CLANG_WARN_UNREACHABLE_CODE = YES;
				CLANG_WARN__DUPLICATE_METHOD_MATCH = YES;
				"CODE_SIGN_IDENTITY[sdk=iphoneos*]" = "iPhone Developer";
				COPY_PHASE_STRIP = NO;
				ENABLE_STRICT_OBJC_MSGSEND = YES;
				GCC_C_LANGUAGE_STANDARD = gnu99;
				GCC_DYNAMIC_NO_PIC = NO;
				GCC_OPTIMIZATION_LEVEL = 0;
				GCC_PREPROCESSOR_DEFINITIONS = (
					"DEBUG=1",
					"$(inherited)",
				);
				GCC_SYMBOLS_PRIVATE_EXTERN = NO;
				GCC_WARN_64_TO_32_BIT_CONVERSION = YES;
				GCC_WARN_ABOUT_RETURN_TYPE = YES_ERROR;
				GCC_WARN_UNDECLARED_SELECTOR = YES;
				GCC_WARN_UNINITIALIZED_AUTOS = YES_AGGRESSIVE;
				GCC_WARN_UNUSED_FUNCTION = YES;
				GCC_WARN_UNUSED_VARIABLE = YES;
				IPHONEOS_DEPLOYMENT_TARGET = 8.1;
				MTL_ENABLE_DEBUG_INFO = YES;
				ONLY_ACTIVE_ARCH = YES;
				SDKROOT = iphoneos;
				SWIFT_OPTIMIZATION_LEVEL = "-Onone";
				TARGETED_DEVICE_FAMILY = "1,2";
			};
			name = Debug;
		};
		B26C458B1A89F172009DC495 /* Release */ = {
			isa = XCBuildConfiguration;
			buildSettings = {
				ALWAYS_SEARCH_USER_PATHS = NO;
				CLANG_CXX_LANGUAGE_STANDARD = "gnu++0x";
				CLANG_CXX_LIBRARY = "libc++";
				CLANG_ENABLE_MODULES = YES;
				CLANG_ENABLE_OBJC_ARC = YES;
				CLANG_WARN_BOOL_CONVERSION = YES;
				CLANG_WARN_CONSTANT_CONVERSION = YES;
				CLANG_WARN_DIRECT_OBJC_ISA_USAGE = YES_ERROR;
				CLANG_WARN_EMPTY_BODY = YES;
				CLANG_WARN_ENUM_CONVERSION = YES;
				CLANG_WARN_INT_CONVERSION = YES;
				CLANG_WARN_OBJC_ROOT_CLASS = YES_ERROR;
				CLANG_WARN_UNREACHABLE_CODE = YES;
				CLANG_WARN__DUPLICATE_METHOD_MATCH = YES;
				"CODE_SIGN_IDENTITY[sdk=iphoneos*]" = "iPhone Developer";
				COPY_PHASE_STRIP = YES;
				ENABLE_NS_ASSERTIONS = NO;
				ENABLE_STRICT_OBJC_MSGSEND = YES;
				GCC_C_LANGUAGE_STANDARD = gnu99;
				GCC_WARN_64_TO_32_BIT_CONVERSION = YES;
				GCC_WARN_ABOUT_RETURN_TYPE = YES_ERROR;
				GCC_WARN_UNDECLARED_SELECTOR = YES;
				GCC_WARN_UNINITIALIZED_AUTOS = YES_AGGRESSIVE;
				GCC_WARN_UNUSED_FUNCTION = YES;
				GCC_WARN_UNUSED_VARIABLE = YES;
				IPHONEOS_DEPLOYMENT_TARGET = 8.1;
				MTL_ENABLE_DEBUG_INFO = NO;
				SDKROOT = iphoneos;
				TARGETED_DEVICE_FAMILY = "1,2";
				VALIDATE_PRODUCT = YES;
			};
			name = Release;
		};
		B26C458D1A89F172009DC495 /* Debug */ = {
			isa = XCBuildConfiguration;
			buildSettings = {
				ASSETCATALOG_COMPILER_APPICON_NAME = AppIcon;
				INFOPLIST_FILE = AgeOfLaika/Info.plist;
				LD_RUNPATH_SEARCH_PATHS = "$(inherited) @executable_path/Frameworks";
				PRODUCT_NAME = "$(TARGET_NAME)";
			};
			name = Debug;
		};
		B26C458E1A89F172009DC495 /* Release */ = {
			isa = XCBuildConfiguration;
			buildSettings = {
				ASSETCATALOG_COMPILER_APPICON_NAME = AppIcon;
				INFOPLIST_FILE = AgeOfLaika/Info.plist;
				LD_RUNPATH_SEARCH_PATHS = "$(inherited) @executable_path/Frameworks";
				PRODUCT_NAME = "$(TARGET_NAME)";
			};
			name = Release;
		};
		B26C45901A89F172009DC495 /* Debug */ = {
			isa = XCBuildConfiguration;
			buildSettings = {
				BUNDLE_LOADER = "$(TEST_HOST)";
				FRAMEWORK_SEARCH_PATHS = (
					"$(SDKROOT)/Developer/Library/Frameworks",
					"$(inherited)",
				);
				GCC_PREPROCESSOR_DEFINITIONS = (
					"DEBUG=1",
					"$(inherited)",
				);
				INFOPLIST_FILE = AgeOfLaikaTests/Info.plist;
				LD_RUNPATH_SEARCH_PATHS = "$(inherited) @executable_path/Frameworks @loader_path/Frameworks";
				PRODUCT_NAME = "$(TARGET_NAME)";
				TEST_HOST = "$(BUILT_PRODUCTS_DIR)/AgeOfLaika.app/AgeOfLaika";
			};
			name = Debug;
		};
		B26C45911A89F172009DC495 /* Release */ = {
			isa = XCBuildConfiguration;
			buildSettings = {
				BUNDLE_LOADER = "$(TEST_HOST)";
				FRAMEWORK_SEARCH_PATHS = (
					"$(SDKROOT)/Developer/Library/Frameworks",
					"$(inherited)",
				);
				INFOPLIST_FILE = AgeOfLaikaTests/Info.plist;
				LD_RUNPATH_SEARCH_PATHS = "$(inherited) @executable_path/Frameworks @loader_path/Frameworks";
				PRODUCT_NAME = "$(TARGET_NAME)";
				TEST_HOST = "$(BUILT_PRODUCTS_DIR)/AgeOfLaika.app/AgeOfLaika";
			};
			name = Release;
		};
/* End XCBuildConfiguration section */

/* Begin XCConfigurationList section */
		B26C45681A89F172009DC495 /* Build configuration list for PBXProject "AgeOfLaika" */ = {
			isa = XCConfigurationList;
			buildConfigurations = (
				B26C458A1A89F172009DC495 /* Debug */,
				B26C458B1A89F172009DC495 /* Release */,
			);
			defaultConfigurationIsVisible = 0;
			defaultConfigurationName = Release;
		};
		B26C458C1A89F172009DC495 /* Build configuration list for PBXNativeTarget "AgeOfLaika" */ = {
			isa = XCConfigurationList;
			buildConfigurations = (
				B26C458D1A89F172009DC495 /* Debug */,
				B26C458E1A89F172009DC495 /* Release */,
			);
			defaultConfigurationIsVisible = 0;
		};
		B26C458F1A89F172009DC495 /* Build configuration list for PBXNativeTarget "AgeOfLaikaTests" */ = {
			isa = XCConfigurationList;
			buildConfigurations = (
				B26C45901A89F172009DC495 /* Debug */,
				B26C45911A89F172009DC495 /* Release */,
			);
			defaultConfigurationIsVisible = 0;
		};
/* End XCConfigurationList section */
	};
	rootObject = B26C45651A89F172009DC495 /* Project object */;
}
